lockfileVersion: 5.4

specifiers:
  framer-motion: ^8.0.2

dependencies:
  framer-motion: 8.0.2

packages:

  /@emotion/is-prop-valid/0.8.8:
    resolution: {integrity: sha512-u5WtneEAr5IDG2Wv65yhunPSMLIpuKsbuOktRojfrEiEvRyC85LgPMZI63cr7NUqT8ZIGdSVg8ZKGxIug4lXcA==}
    requiresBuild: true
    dependencies:
      '@emotion/memoize': 0.7.4
    dev: false
    optional: true

  /@emotion/memoize/0.7.4:
    resolution: {integrity: sha512-Ja/Vfqe3HpuzRsG1oBtWTHk2PGZ7GR+2Vz5iYGelAw8dx32K0y7PjVuxK6z1nMpZOqAFsRUPCkK1YjJ56qJlgw==}
    dev: false
    optional: true

  /@motionone/animation/10.15.1:
    resolution: {integrity: sha512-mZcJxLjHor+bhcPuIFErMDNyrdb2vJur8lSfMCsuCB4UyV8ILZLvK+t+pg56erv8ud9xQGK/1OGPt10agPrCyQ==}
    dependencies:
      '@motionone/easing': 10.15.1
      '@motionone/types': 10.15.1
      '@motionone/utils': 10.15.1
      tslib: 2.4.0
    dev: false

  /@motionone/dom/10.15.3:
    resolution: {integrity: sha512-FQ7a2zMBXc1UeU8CG9G3yDpst55fbb0+C9A0VGfwOITitBCzigKZnXRgsRSWWR+FW57GSc13eGQxtYB0lKG0Ng==}
    dependencies:
      '@motionone/animation': 10.15.1
      '@motionone/generators': 10.15.1
      '@motionone/types': 10.15.1
      '@motionone/utils': 10.15.1
      hey-listen: 1.0.8
      tslib: 2.4.0
    dev: false

  /@motionone/easing/10.15.1:
    resolution: {integrity: sha512-6hIHBSV+ZVehf9dcKZLT7p5PEKHGhDwky2k8RKkmOvUoYP3S+dXsKupyZpqx5apjd9f+php4vXk4LuS+ADsrWw==}
    dependencies:
      '@motionone/utils': 10.15.1
      tslib: 2.4.0
    dev: false

  /@motionone/generators/10.15.1:
    resolution: {integrity: sha512-67HLsvHJbw6cIbLA/o+gsm7h+6D4Sn7AUrB/GPxvujse1cGZ38F5H7DzoH7PhX+sjvtDnt2IhFYF2Zp1QTMKWQ==}
    dependencies:
      '@motionone/types': 10.15.1
      '@motionone/utils': 10.15.1
      tslib: 2.4.0
    dev: false

  /@motionone/types/10.15.1:
    resolution: {integrity: sha512-iIUd/EgUsRZGrvW0jqdst8st7zKTzS9EsKkP+6c6n4MPZoQHwiHuVtTQLD6Kp0bsBLhNzKIBlHXponn/SDT4hA==}
    dev: false

  /@motionone/utils/10.15.1:
    resolution: {integrity: sha512-p0YncgU+iklvYr/Dq4NobTRdAPv9PveRDUXabPEeOjBLSO/1FNB2phNTZxOxpi1/GZwYpAoECEa0Wam+nsmhSw==}
    dependencies:
      '@motionone/types': 10.15.1
      hey-listen: 1.0.8
      tslib: 2.4.0
    dev: false

  /framer-motion/8.0.2:
    resolution: {integrity: sha512-xuIiQchVh/cLqUzzu5/8ok4o0nkwYPyIRtkDl8wDvrQUNRhSfRaZu1MMdzN0TjpBtG66oP03PSLO7Qtu1YqPrA==}
    peerDependencies:
      react: ^18.0.0
      react-dom: ^18.0.0
    dependencies:
      '@motionone/dom': 10.15.3
      hey-listen: 1.0.8
      tslib: 2.4.0
    optionalDependencies:
      '@emotion/is-prop-valid': 0.8.8
    dev: false

  /hey-listen/1.0.8:
    resolution: {integrity: sha512-COpmrF2NOg4TBWUJ5UVyaCU2A88wEMkUPK4hNqyCkqHbxT92BbvfjoSozkAIIm6XhicGlJHhFdullInrdhwU8Q==}
    dev: false

  /tslib/2.4.0:
    resolution: {integrity: sha512-d6xOpEDfsi2CZVlPQzGeux8XMwLT9hssAsaPYExaQMuYskwb+x1x7J371tWlbBdWHroy99KnVB6qIkUbs5X3UQ==}
    dev: false
